{
  "name": "Final project",
  "lockfileVersion": 2,
  "requires": true,
  "packages": {
    "": {
      "dependencies": {
        "pil": "^0.1.1",
        "tk": "^0.1.2",
        "ttk": "^0.1.9"
      }
    },
    "node_modules/pil": {
      "version": "0.1.1",
      "resolved": "https://registry.npmjs.org/pil/-/pil-0.1.1.tgz",
      "integrity": "sha512-FTelhKQZbsj46zOpKNbT+ZPf0/GqCgngwohy+wPR4M0tiaaXwuPuG2B/UW29FHSFl8nin6eEFOI5gf9IniRPhA=="
    },
    "node_modules/tk": {
      "version": "0.1.2",
      "resolved": "https://registry.npmjs.org/tk/-/tk-0.1.2.tgz",
      "integrity": "sha512-aNeuTashKfjVtIHAkNrBuWPIQHySz17JmQ1G+MHKwHFZGSvFalbyzchR/uPBjKcPRGFhCYynJDAbNbjqEF+rog==",
      "engines": {
        "node": ">= 0.6.0"
      }
    },
    "node_modules/ttk": {
      "version": "0.1.9",
      "resolved": "https://registry.npmjs.org/ttk/-/ttk-0.1.9.tgz",
      "integrity": "sha512-MTw/CsXvkLaKH0qXj1A/S9RcPYFismtNEDj6yxlLNXeNdhkkZR/j9BWCh54YnwVSdkmkJ8lG0nm4SNJZfyGC0g=="
    }
  },
  "dependencies": {
    "pil": {
      "version": "0.1.1",
      "resolved": "https://registry.npmjs.org/pil/-/pil-0.1.1.tgz",
      "integrity": "sha512-FTelhKQZbsj46zOpKNbT+ZPf0/GqCgngwohy+wPR4M0tiaaXwuPuG2B/UW29FHSFl8nin6eEFOI5gf9IniRPhA=="
    },
    "tk": {
      "version": "0.1.2",
      "resolved": "https://registry.npmjs.org/tk/-/tk-0.1.2.tgz",
      "integrity": "sha512-aNeuTashKfjVtIHAkNrBuWPIQHySz17JmQ1G+MHKwHFZGSvFalbyzchR/uPBjKcPRGFhCYynJDAbNbjqEF+rog=="
    },
    "ttk": {
      "version": "0.1.9",
      "resolved": "https://registry.npmjs.org/ttk/-/ttk-0.1.9.tgz",
      "integrity": "sha512-MTw/CsXvkLaKH0qXj1A/S9RcPYFismtNEDj6yxlLNXeNdhkkZR/j9BWCh54YnwVSdkmkJ8lG0nm4SNJZfyGC0g=="
    }
  }
}
